
Microsoft Visual Studio Solution File, Format Version 12.00
# Visual Studio Version 17
VisualStudioVersion = 17.14.36414.22
MinimumVisualStudioVersion = 10.0.40219.1
Project("{FAE04EC0-301F-11D3-BF4B-00C04F79EFBC}") = "PetShop_PRN222", "PetShop_PRN222.csproj", "{AF6094FA-C364-47C9-B888-387A57078F12}"
EndProject
Global
	GlobalSection(SolutionConfigurationPlatforms) = preSolution
		Debug|Any CPU = Debug|Any CPU
		Release|Any CPU = Release|Any CPU
	EndGlobalSection
	GlobalSection(ProjectConfigurationPlatforms) = postSolution
		{AF6094FA-C364-47C9-B888-387A57078F12}.Debug|Any CPU.ActiveCfg = Debug|Any CPU
		{AF6094FA-C364-47C9-B888-387A57078F12}.Debug|Any CPU.Build.0 = Debug|Any CPU
		{AF6094FA-C364-47C9-B888-387A57078F12}.Release|Any CPU.ActiveCfg = Release|Any CPU
		{AF6094FA-C364-47C9-B888-387A57078F12}.Release|Any CPU.Build.0 = Release|Any CPU
	EndGlobalSection
	GlobalSection(SolutionProperties) = preSolution
		HideSolutionNode = FALSE
	EndGlobalSection
	GlobalSection(ExtensibilityGlobals) = postSolution
		SolutionGuid = {7EF6EA6B-7947-404A-BD55-12AD088FFE49}
	EndGlobalSection
EndGlobal
